
Microsoft Visual Studio Solution File, Format Version 12.00
# Visual Studio Version 17
VisualStudioVersion = 17.10.35013.160
MinimumVisualStudioVersion = 10.0.40219.1
Project("{9A19103F-16F7-4668-BE54-9A1E7A4F7556}") = "Domain", "Domain\Domain.csproj", "{99CC3E7F-A901-4F72-A8CA-EED9B89871BE}"
EndProject
Project("{9A19103F-16F7-4668-BE54-9A1E7A4F7556}") = "API", "API\API.csproj", "{F26F1BA5-286F-4BF5-BA61-7B76546AF663}"
EndProject
Project("{9A19103F-16F7-4668-BE54-9A1E7A4F7556}") = "Application", "Application\Application.csproj", "{EAB7B0FC-402B-440E-B801-81B5B7B588DF}"
EndProject
Project("{9A19103F-16F7-4668-BE54-9A1E7A4F7556}") = "Infrastructure", "Infrastructure\Infrastructure.csproj", "{2CB05CD6-CBA2-4A62-A408-E4A9D35330C9}"
EndProject
Project("{E53339B2-1760-4266-BCC7-CA923CBCF16C}") = "docker-compose", "docker-compose.dcproj", "{F63E48EC-33C4-4392-8419-5D79B17B4A0A}"
EndProject
Project("{2150E333-8FDC-42A3-9474-1A3956D46DE8}") = "src", "src", "{18C70C39-FA12-4F16-B0B0-5771BC82B8A0}"
EndProject
Project("{2150E333-8FDC-42A3-9474-1A3956D46DE8}") = "test", "test", "{487CF0BA-B20C-4153-AF85-0D965D174A68}"
EndProject
Project("{9A19103F-16F7-4668-BE54-9A1E7A4F7556}") = "Application.Tests", "Application.Tests\Application.Tests.csproj", "{B23F7F64-A31D-40FE-9D00-E3C4D535775F}"
EndProject
Project("{9A19103F-16F7-4668-BE54-9A1E7A4F7556}") = "API.Tests", "API.Tests\API.Tests.csproj", "{77069673-BE64-4EE6-89EB-6D997B7BC743}"
EndProject
Project("{9A19103F-16F7-4668-BE54-9A1E7A4F7556}") = "Domain.Tests", "Domain.Tests\Domain.Tests.csproj", "{CAA7D05E-DF7D-437A-848F-8E052B4067FE}"
EndProject
Project("{9A19103F-16F7-4668-BE54-9A1E7A4F7556}") = "Infrastructure.Tests", "Infrastructure.Tests\Infrastructure.Tests.csproj", "{C7876993-BA3E-4B50-8273-B22B38141F5D}"
EndProject
Project("{FAE04EC0-301F-11D3-BF4B-00C04F79EFBC}") = "Presentation", "..\Presentation\Presentation.csproj", "{6C0F55F8-B734-408E-AD45-DB7C4B99A85A}"
EndProject
Project("{FAE04EC0-301F-11D3-BF4B-00C04F79EFBC}") = "Presentation.Tests", "..\Presentation.Tests\Presentation.Tests.csproj", "{CB8203DB-EC78-4244-8CEB-672D49DD7DFF}"
EndProject
Project("{FAE04EC0-301F-11D3-BF4B-00C04F79EFBC}") = "Contracts", "..\Contracts\Contracts.csproj", "{74C391CA-2851-42B5-8DDE-48DDAC49425B}"
EndProject
Project("{FAE04EC0-301F-11D3-BF4B-00C04F79EFBC}") = "IntegrationEvents", "..\IntegrationEvents\IntegrationEvents.csproj", "{4DCBB507-E7CC-46B2-9563-CE260907C501}"
EndProject
Global
	GlobalSection(SolutionConfigurationPlatforms) = preSolution
		Debug|Any CPU = Debug|Any CPU
		Release|Any CPU = Release|Any CPU
	EndGlobalSection
	GlobalSection(ProjectConfigurationPlatforms) = postSolution
		{99CC3E7F-A901-4F72-A8CA-EED9B89871BE}.Debug|Any CPU.ActiveCfg = Debug|Any CPU
		{99CC3E7F-A901-4F72-A8CA-EED9B89871BE}.Debug|Any CPU.Build.0 = Debug|Any CPU
		{99CC3E7F-A901-4F72-A8CA-EED9B89871BE}.Release|Any CPU.ActiveCfg = Release|Any CPU
		{99CC3E7F-A901-4F72-A8CA-EED9B89871BE}.Release|Any CPU.Build.0 = Release|Any CPU
		{F26F1BA5-286F-4BF5-BA61-7B76546AF663}.Debug|Any CPU.ActiveCfg = Debug|Any CPU
		{F26F1BA5-286F-4BF5-BA61-7B76546AF663}.Debug|Any CPU.Build.0 = Debug|Any CPU
		{F26F1BA5-286F-4BF5-BA61-7B76546AF663}.Release|Any CPU.ActiveCfg = Release|Any CPU
		{F26F1BA5-286F-4BF5-BA61-7B76546AF663}.Release|Any CPU.Build.0 = Release|Any CPU
		{EAB7B0FC-402B-440E-B801-81B5B7B588DF}.Debug|Any CPU.ActiveCfg = Debug|Any CPU
		{EAB7B0FC-402B-440E-B801-81B5B7B588DF}.Debug|Any CPU.Build.0 = Debug|Any CPU
		{EAB7B0FC-402B-440E-B801-81B5B7B588DF}.Release|Any CPU.ActiveCfg = Release|Any CPU
		{EAB7B0FC-402B-440E-B801-81B5B7B588DF}.Release|Any CPU.Build.0 = Release|Any CPU
		{2CB05CD6-CBA2-4A62-A408-E4A9D35330C9}.Debug|Any CPU.ActiveCfg = Debug|Any CPU
		{2CB05CD6-CBA2-4A62-A408-E4A9D35330C9}.Debug|Any CPU.Build.0 = Debug|Any CPU
		{2CB05CD6-CBA2-4A62-A408-E4A9D35330C9}.Release|Any CPU.ActiveCfg = Release|Any CPU
		{2CB05CD6-CBA2-4A62-A408-E4A9D35330C9}.Release|Any CPU.Build.0 = Release|Any CPU
		{F63E48EC-33C4-4392-8419-5D79B17B4A0A}.Debug|Any CPU.ActiveCfg = Debug|Any CPU
		{F63E48EC-33C4-4392-8419-5D79B17B4A0A}.Debug|Any CPU.Build.0 = Debug|Any CPU
		{F63E48EC-33C4-4392-8419-5D79B17B4A0A}.Release|Any CPU.ActiveCfg = Release|Any CPU
		{F63E48EC-33C4-4392-8419-5D79B17B4A0A}.Release|Any CPU.Build.0 = Release|Any CPU
		{B23F7F64-A31D-40FE-9D00-E3C4D535775F}.Debug|Any CPU.ActiveCfg = Debug|Any CPU
		{B23F7F64-A31D-40FE-9D00-E3C4D535775F}.Debug|Any CPU.Build.0 = Debug|Any CPU
		{B23F7F64-A31D-40FE-9D00-E3C4D535775F}.Release|Any CPU.ActiveCfg = Release|Any CPU
		{B23F7F64-A31D-40FE-9D00-E3C4D535775F}.Release|Any CPU.Build.0 = Release|Any CPU
		{77069673-BE64-4EE6-89EB-6D997B7BC743}.Debug|Any CPU.ActiveCfg = Debug|Any CPU
		{77069673-BE64-4EE6-89EB-6D997B7BC743}.Debug|Any CPU.Build.0 = Debug|Any CPU
		{77069673-BE64-4EE6-89EB-6D997B7BC743}.Release|Any CPU.ActiveCfg = Release|Any CPU
		{77069673-BE64-4EE6-89EB-6D997B7BC743}.Release|Any CPU.Build.0 = Release|Any CPU
		{CAA7D05E-DF7D-437A-848F-8E052B4067FE}.Debug|Any CPU.ActiveCfg = Debug|Any CPU
		{CAA7D05E-DF7D-437A-848F-8E052B4067FE}.Debug|Any CPU.Build.0 = Debug|Any CPU
		{CAA7D05E-DF7D-437A-848F-8E052B4067FE}.Release|Any CPU.ActiveCfg = Release|Any CPU
		{CAA7D05E-DF7D-437A-848F-8E052B4067FE}.Release|Any CPU.Build.0 = Release|Any CPU
		{C7876993-BA3E-4B50-8273-B22B38141F5D}.Debug|Any CPU.ActiveCfg = Debug|Any CPU
		{C7876993-BA3E-4B50-8273-B22B38141F5D}.Debug|Any CPU.Build.0 = Debug|Any CPU
		{C7876993-BA3E-4B50-8273-B22B38141F5D}.Release|Any CPU.ActiveCfg = Release|Any CPU
		{C7876993-BA3E-4B50-8273-B22B38141F5D}.Release|Any CPU.Build.0 = Release|Any CPU
		{6C0F55F8-B734-408E-AD45-DB7C4B99A85A}.Debug|Any CPU.ActiveCfg = Debug|Any CPU
		{6C0F55F8-B734-408E-AD45-DB7C4B99A85A}.Debug|Any CPU.Build.0 = Debug|Any CPU
		{6C0F55F8-B734-408E-AD45-DB7C4B99A85A}.Release|Any CPU.ActiveCfg = Release|Any CPU
		{6C0F55F8-B734-408E-AD45-DB7C4B99A85A}.Release|Any CPU.Build.0 = Release|Any CPU
		{CB8203DB-EC78-4244-8CEB-672D49DD7DFF}.Debug|Any CPU.ActiveCfg = Debug|Any CPU
		{CB8203DB-EC78-4244-8CEB-672D49DD7DFF}.Debug|Any CPU.Build.0 = Debug|Any CPU
		{CB8203DB-EC78-4244-8CEB-672D49DD7DFF}.Release|Any CPU.ActiveCfg = Release|Any CPU
		{CB8203DB-EC78-4244-8CEB-672D49DD7DFF}.Release|Any CPU.Build.0 = Release|Any CPU
		{74C391CA-2851-42B5-8DDE-48DDAC49425B}.Debug|Any CPU.ActiveCfg = Debug|Any CPU
		{74C391CA-2851-42B5-8DDE-48DDAC49425B}.Debug|Any CPU.Build.0 = Debug|Any CPU
		{74C391CA-2851-42B5-8DDE-48DDAC49425B}.Release|Any CPU.ActiveCfg = Release|Any CPU
		{74C391CA-2851-42B5-8DDE-48DDAC49425B}.Release|Any CPU.Build.0 = Release|Any CPU
		{4DCBB507-E7CC-46B2-9563-CE260907C501}.Debug|Any CPU.ActiveCfg = Debug|Any CPU
		{4DCBB507-E7CC-46B2-9563-CE260907C501}.Debug|Any CPU.Build.0 = Debug|Any CPU
		{4DCBB507-E7CC-46B2-9563-CE260907C501}.Release|Any CPU.ActiveCfg = Release|Any CPU
		{4DCBB507-E7CC-46B2-9563-CE260907C501}.Release|Any CPU.Build.0 = Release|Any CPU
	EndGlobalSection
	GlobalSection(SolutionProperties) = preSolution
		HideSolutionNode = FALSE
	EndGlobalSection
	GlobalSection(NestedProjects) = preSolution
		{99CC3E7F-A901-4F72-A8CA-EED9B89871BE} = {18C70C39-FA12-4F16-B0B0-5771BC82B8A0}
		{F26F1BA5-286F-4BF5-BA61-7B76546AF663} = {18C70C39-FA12-4F16-B0B0-5771BC82B8A0}
		{EAB7B0FC-402B-440E-B801-81B5B7B588DF} = {18C70C39-FA12-4F16-B0B0-5771BC82B8A0}
		{2CB05CD6-CBA2-4A62-A408-E4A9D35330C9} = {18C70C39-FA12-4F16-B0B0-5771BC82B8A0}
		{B23F7F64-A31D-40FE-9D00-E3C4D535775F} = {487CF0BA-B20C-4153-AF85-0D965D174A68}
		{77069673-BE64-4EE6-89EB-6D997B7BC743} = {487CF0BA-B20C-4153-AF85-0D965D174A68}
		{CAA7D05E-DF7D-437A-848F-8E052B4067FE} = {487CF0BA-B20C-4153-AF85-0D965D174A68}
		{C7876993-BA3E-4B50-8273-B22B38141F5D} = {487CF0BA-B20C-4153-AF85-0D965D174A68}
		{6C0F55F8-B734-408E-AD45-DB7C4B99A85A} = {18C70C39-FA12-4F16-B0B0-5771BC82B8A0}
		{CB8203DB-EC78-4244-8CEB-672D49DD7DFF} = {487CF0BA-B20C-4153-AF85-0D965D174A68}
		{74C391CA-2851-42B5-8DDE-48DDAC49425B} = {18C70C39-FA12-4F16-B0B0-5771BC82B8A0}
		{4DCBB507-E7CC-46B2-9563-CE260907C501} = {18C70C39-FA12-4F16-B0B0-5771BC82B8A0}
	EndGlobalSection
	GlobalSection(ExtensibilityGlobals) = postSolution
		SolutionGuid = {3955A2A1-3B9D-4433-B577-BB20EA169576}
	EndGlobalSection
EndGlobal
